
Microsoft Visual Studio Solution File, Format Version 12.00
# Visual Studio Version 16
VisualStudioVersion = 16.0.28803.352
MinimumVisualStudioVersion = 10.0.40219.1
Project("{9A19103F-16F7-4668-BE54-9A1E7A4F7556}") = "TwinCAT.JsonExtension", "TwinCAT.JsonExtension\TwinCAT.JsonExtension.csproj", "{781232EA-EB55-49AE-BFA2-1926F590873D}"
EndProject
Project("{FAE04EC0-301F-11D3-BF4B-00C04F79EFBC}") = "TwinCAT.JsonExtension.Tests", "TwinCAT.JsonExtension.Tests\TwinCAT.JsonExtension.Tests.csproj", "{20ADDB82-8C7B-446C-B177-A05999290DF7}"
EndProject
Project("{FAE04EC0-301F-11D3-BF4B-00C04F79EFBC}") = "TwinCAT.JsonService", "TwinCAT.JsonService\TwinCAT.JsonService.csproj", "{46F79217-ED70-4C52-81B5-B5E946B448A6}"
EndProject
Project("{FAE04EC0-301F-11D3-BF4B-00C04F79EFBC}") = "TwinCAT.JsonService.Tests", "TwinCAT.JsonService.Tests\TwinCAT.JsonService.Tests.csproj", "{AF3589F0-1BE2-4187-88A1-589B7E50AB55}"
EndProject
Global
	GlobalSection(SolutionConfigurationPlatforms) = preSolution
		Debug|Any CPU = Debug|Any CPU
		Release|Any CPU = Release|Any CPU
	EndGlobalSection
	GlobalSection(ProjectConfigurationPlatforms) = postSolution
		{781232EA-EB55-49AE-BFA2-1926F590873D}.Debug|Any CPU.ActiveCfg = Debug|Any CPU
		{781232EA-EB55-49AE-BFA2-1926F590873D}.Debug|Any CPU.Build.0 = Debug|Any CPU
		{781232EA-EB55-49AE-BFA2-1926F590873D}.Release|Any CPU.ActiveCfg = Release|Any CPU
		{781232EA-EB55-49AE-BFA2-1926F590873D}.Release|Any CPU.Build.0 = Release|Any CPU
		{20ADDB82-8C7B-446C-B177-A05999290DF7}.Debug|Any CPU.ActiveCfg = Debug|Any CPU
		{20ADDB82-8C7B-446C-B177-A05999290DF7}.Debug|Any CPU.Build.0 = Debug|Any CPU
		{20ADDB82-8C7B-446C-B177-A05999290DF7}.Release|Any CPU.ActiveCfg = Release|Any CPU
		{20ADDB82-8C7B-446C-B177-A05999290DF7}.Release|Any CPU.Build.0 = Release|Any CPU
		{46F79217-ED70-4C52-81B5-B5E946B448A6}.Debug|Any CPU.ActiveCfg = Debug|Any CPU
		{46F79217-ED70-4C52-81B5-B5E946B448A6}.Debug|Any CPU.Build.0 = Debug|Any CPU
		{46F79217-ED70-4C52-81B5-B5E946B448A6}.Release|Any CPU.ActiveCfg = Release|Any CPU
		{46F79217-ED70-4C52-81B5-B5E946B448A6}.Release|Any CPU.Build.0 = Release|Any CPU
		{AF3589F0-1BE2-4187-88A1-589B7E50AB55}.Debug|Any CPU.ActiveCfg = Debug|Any CPU
		{AF3589F0-1BE2-4187-88A1-589B7E50AB55}.Debug|Any CPU.Build.0 = Debug|Any CPU
		{AF3589F0-1BE2-4187-88A1-589B7E50AB55}.Release|Any CPU.ActiveCfg = Release|Any CPU
		{AF3589F0-1BE2-4187-88A1-589B7E50AB55}.Release|Any CPU.Build.0 = Release|Any CPU
	EndGlobalSection
	GlobalSection(SolutionProperties) = preSolution
		HideSolutionNode = FALSE
	EndGlobalSection
	GlobalSection(ExtensibilityGlobals) = postSolution
		SolutionGuid = {D7CF3BB3-3B60-4C8D-B0F9-655F7A5346C2}
	EndGlobalSection
EndGlobal
